
Microsoft Visual Studio Solution File, Format Version 12.00
# Visual Studio Version 17
VisualStudioVersion = 17.10.34928.147
MinimumVisualStudioVersion = 10.0.40219.1
Project("{2150E333-8FDC-42A3-9474-1A3956D46DE8}") = "src", "src", "{0D9E9EEF-C316-4083-B603-9B5ECF50C3AF}"
EndProject
Project("{2150E333-8FDC-42A3-9474-1A3956D46DE8}") = "test", "test", "{35A7F649-E5F2-4ADB-98CA-7A3025A76019}"
EndProject
Project("{9A19103F-16F7-4668-BE54-9A1E7A4F7556}") = "Aqua.GraphCompare", "src\Aqua.GraphCompare\Aqua.GraphCompare.csproj", "{64FB0AE0-A3AB-4413-81AC-305938FAC8E2}"
EndProject
Project("{9A19103F-16F7-4668-BE54-9A1E7A4F7556}") = "Aqua.GraphCompare.Tests", "test\Aqua.GraphCompare.Tests\Aqua.GraphCompare.Tests.csproj", "{435495FC-BEFF-4B3E-9596-907AB9D63CCE}"
EndProject
Project("{2150E333-8FDC-42A3-9474-1A3956D46DE8}") = ".global", ".global", "{60DD58F9-31CD-4E09-A6B7-C51F82236E27}"
	ProjectSection(SolutionItems) = preProject
		CHANGELOG.md = CHANGELOG.md
		Directory.Build.props = Directory.Build.props
		Directory.Build.targets = Directory.Build.targets
		GlobalAssemblyInfo.cs = GlobalAssemblyInfo.cs
		NuGet.config = NuGet.config
		README.md = README.md
		Style.ruleset = Style.ruleset
		stylecop.json = stylecop.json
		StyleNoDoc.ruleset = StyleNoDoc.ruleset
	EndProjectSection
EndProject
Global
	GlobalSection(SolutionConfigurationPlatforms) = preSolution
		Debug|Any CPU = Debug|Any CPU
		Release|Any CPU = Release|Any CPU
	EndGlobalSection
	GlobalSection(ProjectConfigurationPlatforms) = postSolution
		{64FB0AE0-A3AB-4413-81AC-305938FAC8E2}.Debug|Any CPU.ActiveCfg = Debug|Any CPU
		{64FB0AE0-A3AB-4413-81AC-305938FAC8E2}.Debug|Any CPU.Build.0 = Debug|Any CPU
		{64FB0AE0-A3AB-4413-81AC-305938FAC8E2}.Release|Any CPU.ActiveCfg = Release|Any CPU
		{64FB0AE0-A3AB-4413-81AC-305938FAC8E2}.Release|Any CPU.Build.0 = Release|Any CPU
		{435495FC-BEFF-4B3E-9596-907AB9D63CCE}.Debug|Any CPU.ActiveCfg = Debug|Any CPU
		{435495FC-BEFF-4B3E-9596-907AB9D63CCE}.Debug|Any CPU.Build.0 = Debug|Any CPU
		{435495FC-BEFF-4B3E-9596-907AB9D63CCE}.Release|Any CPU.ActiveCfg = Release|Any CPU
		{435495FC-BEFF-4B3E-9596-907AB9D63CCE}.Release|Any CPU.Build.0 = Release|Any CPU
	EndGlobalSection
	GlobalSection(SolutionProperties) = preSolution
		HideSolutionNode = FALSE
	EndGlobalSection
	GlobalSection(NestedProjects) = preSolution
		{64FB0AE0-A3AB-4413-81AC-305938FAC8E2} = {0D9E9EEF-C316-4083-B603-9B5ECF50C3AF}
		{435495FC-BEFF-4B3E-9596-907AB9D63CCE} = {35A7F649-E5F2-4ADB-98CA-7A3025A76019}
	EndGlobalSection
	GlobalSection(ExtensibilityGlobals) = postSolution
		SolutionGuid = {B13E4571-D4B6-4154-962D-4343DA5DB5E5}
	EndGlobalSection
EndGlobal
